// !$*UTF8*$!
{
	archiveVersion = 1;
	classes = {
	};
	objectVersion = 46;
	objects = {

/* Begin PBXBuildFile section */
		279C4C011CCEC55C008AC366 /* PageController.swift in Sources */ = {isa = PBXBuildFile; fileRef = 279C4C001CCEC55C008AC366 /* PageController.swift */; };
		571F381E1CCD9C92005CCDDA /* AppDelegate.swift in Sources */ = {isa = PBXBuildFile; fileRef = 571F381D1CCD9C92005CCDDA /* AppDelegate.swift */; };
		571F38201CCD9C92005CCDDA /* ViewController.swift in Sources */ = {isa = PBXBuildFile; fileRef = 571F381F1CCD9C92005CCDDA /* ViewController.swift */; };
		571F38231CCD9C92005CCDDA /* Main.storyboard in Resources */ = {isa = PBXBuildFile; fileRef = 571F38211CCD9C92005CCDDA /* Main.storyboard */; };
		571F38251CCD9C92005CCDDA /* Assets.xcassets in Resources */ = {isa = PBXBuildFile; fileRef = 571F38241CCD9C92005CCDDA /* Assets.xcassets */; };
		571F38281CCD9C92005CCDDA /* LaunchScreen.storyboard in Resources */ = {isa = PBXBuildFile; fileRef = 571F38261CCD9C92005CCDDA /* LaunchScreen.storyboard */; };
		571F38301CCDA22A005CCDDA /* InteractiveStory.swift in Sources */ = {isa = PBXBuildFile; fileRef = 571F382F1CCDA22A005CCDDA /* InteractiveStory.swift */; };
/* End PBXBuildFile section */

/* Begin PBXFileReference section */
		279C4C001CCEC55C008AC366 /* PageController.swift */ = {isa = PBXFileReference; fileEncoding = 4; lastKnownFileType = sourcecode.swift; path = PageController.swift; sourceTree = "<group>"; };
		571F381A1CCD9C92005CCDDA /* InterActiveStory.app */ = {isa = PBXFileReference; explicitFileType = wrapper.application; includeInIndex = 0; path = InterActiveStory.app; sourceTree = BUILT_PRODUCTS_DIR; };
		571F381D1CCD9C92005CCDDA /* AppDelegate.swift */ = {isa = PBXFileReference; lastKnownFileType = sourcecode.swift; path = AppDelegate.swift; sourceTree = "<group>"; };
		571F381F1CCD9C92005CCDDA /* ViewController.swift */ = {isa = PBXFileReference; lastKnownFileType = sourcecode.swift; path = ViewController.swift; sourceTree = "<group>"; };
		571F38221CCD9C92005CCDDA /* Base */ = {isa = PBXFileReference; lastKnownFileType = file.storyboard; name = Base; path = Base.lproj/Main.storyboard; sourceTree = "<group>"; };
		571F38241CCD9C92005CCDDA /* Assets.xcassets */ = {isa = PBXFileReference; lastKnownFileType = folder.assetcatalog; path = Assets.xcassets; sourceTree = "<group>"; };
		571F38271CCD9C92005CCDDA /* Base */ = {isa = PBXFileReference; lastKnownFileType = file.storyboard; name = Base; path = Base.lproj/LaunchScreen.storyboard; sourceTree = "<group>"; };
		571F38291CCD9C92005CCDDA /* Info.plist */ = {isa = PBXFileReference; lastKnownFileType = text.plist.xml; path = Info.plist; sourceTree = "<group>"; };
		571F382F1CCDA22A005CCDDA /* InteractiveStory.swift */ = {isa = PBXFileReference; fileEncoding = 4; lastKnownFileType = sourcecode.swift; path = InteractiveStory.swift; sourceTree = "<group>"; };
/* End PBXFileReference section */

/* Begin PBXFrameworksBuildPhase section */
		571F38171CCD9C91005CCDDA /* Frameworks */ = {
			isa = PBXFrameworksBuildPhase;
			buildActionMask = 2147483647;
			files = (
			);
			runOnlyForDeploymentPostprocessing = 0;
		};
/* End PBXFrameworksBuildPhase section */

/* Begin PBXGroup section */
		571F38111CCD9C91005CCDDA = {
			isa = PBXGroup;
			children = (
				571F381C1CCD9C92005CCDDA /* InterActiveStory */,
				571F381B1CCD9C92005CCDDA /* Products */,
			);
			sourceTree = "<group>";
		};
		571F381B1CCD9C92005CCDDA /* Products */ = {
			isa = PBXGroup;
			children = (
				571F381A1CCD9C92005CCDDA /* InterActiveStory.app */,
			);
			name = Products;
			sourceTree = "<group>";
		};
		571F381C1CCD9C92005CCDDA /* InterActiveStory */ = {
			isa = PBXGroup;
			children = (
				571F381D1CCD9C92005CCDDA /* AppDelegate.swift */,
				571F381F1CCD9C92005CCDDA /* ViewController.swift */,
				571F382F1CCDA22A005CCDDA /* InteractiveStory.swift */,
				279C4C001CCEC55C008AC366 /* PageController.swift */,
				571F38211CCD9C92005CCDDA /* Main.storyboard */,
				571F38241CCD9C92005CCDDA /* Assets.xcassets */,
				571F38261CCD9C92005CCDDA /* LaunchScreen.storyboard */,
				571F38291CCD9C92005CCDDA /* Info.plist */,
			);
			path = InterActiveStory;
			sourceTree = "<group>";
		};
/* End PBXGroup section */

/* Begin PBXNativeTarget section */
		571F38191CCD9C91005CCDDA /* InterActiveStory */ = {
			isa = PBXNativeTarget;
			buildConfigurationList = 571F382C1CCD9C92005CCDDA /* Build configuration list for PBXNativeTarget "InterActiveStory" */;
			buildPhases = (
				571F38161CCD9C91005CCDDA /* Sources */,
				571F38171CCD9C91005CCDDA /* Frameworks */,
				571F38181CCD9C91005CCDDA /* Resources */,
			);
			buildRules = (
			);
			dependencies = (
			);
			name = InterActiveStory;
			productName = InterActiveStory;
			productReference = 571F381A1CCD9C92005CCDDA /* InterActiveStory.app */;
			productType = "com.apple.product-type.application";
		};
/* End PBXNativeTarget section */

/* Begin PBXProject section */
		571F38121CCD9C91005CCDDA /* Project object */ = {
			isa = PBXProject;
			attributes = {
				LastSwiftUpdateCheck = 0720;
				LastUpgradeCheck = 0720;
				ORGANIZATIONNAME = Mike;
				TargetAttributes = {
					571F38191CCD9C91005CCDDA = {
						CreatedOnToolsVersion = 7.2.1;
					};
				};
			};
			buildConfigurationList = 571F38151CCD9C91005CCDDA /* Build configuration list for PBXProject "InterActiveStory" */;
			compatibilityVersion = "Xcode 3.2";
			developmentRegion = English;
			hasScannedForEncodings = 0;
			knownRegions = (
				en,
				Base,
			);
			mainGroup = 571F38111CCD9C91005CCDDA;
			productRefGroup = 571F381B1CCD9C92005CCDDA /* Products */;
			projectDirPath = "";
			projectRoot = "";
			targets = (
				571F38191CCD9C91005CCDDA /* InterActiveStory */,
			);
		};
/* End PBXProject section */

/* Begin PBXResourcesBuildPhase section */
		571F38181CCD9C91005CCDDA /* Resources */ = {
			isa = PBXResourcesBuildPhase;
			buildActionMask = 2147483647;
			files = (
				571F38281CCD9C92005CCDDA /* LaunchScreen.storyboard in Resources */,
				571F38251CCD9C92005CCDDA /* Assets.xcassets in Resources */,
				571F38231CCD9C92005CCDDA /* Main.storyboard in Resources */,
			);
			runOnlyForDeploymentPostprocessing = 0;
		};
/* End PBXResourcesBuildPhase section */

/* Begin PBXSourcesBuildPhase section */
		571F38161CCD9C91005CCDDA /* Sources */ = {
			isa = PBXSourcesBuildPhase;
			buildActionMask = 2147483647;
			files = (
				279C4C011CCEC55C008AC366 /* PageController.swift in Sources */,
				571F38301CCDA22A005CCDDA /* InteractiveStory.swift in Sources */,
				571F38201CCD9C92005CCDDA /* ViewController.swift in Sources */,
				571F381E1CCD9C92005CCDDA /* AppDelegate.swift in Sources */,
			);
			runOnlyForDeploymentPostprocessing = 0;
		};
/* End PBXSourcesBuildPhase section */

/* Begin PBXVariantGroup section */
		571F38211CCD9C92005CCDDA /* Main.storyboard */ = {
			isa = PBXVariantGroup;
			children = (
				571F38221CCD9C92005CCDDA /* Base */,
			);
			name = Main.storyboard;
			sourceTree = "<group>";
		};
		571F38261CCD9C92005CCDDA /* LaunchScreen.storyboard */ = {
			isa = PBXVariantGroup;
			children = (
				571F38271CCD9C92005CCDDA /* Base */,
			);
			name = LaunchScreen.storyboard;
			sourceTree = "<group>";
		};
/* End PBXVariantGroup section */

/* Begin XCBuildConfiguration section */
		571F382A1CCD9C92005CCDDA /* Debug */ = {
			isa = XCBuildConfiguration;
			buildSettings = {
				ALWAYS_SEARCH_USER_PATHS = NO;
				CLANG_CXX_LANGUAGE_STANDARD = "gnu++0x";
				CLANG_CXX_LIBRARY = "libc++";
				CLANG_ENABLE_MODULES = YES;
				CLANG_ENABLE_OBJC_ARC = YES;
				CLANG_WARN_BOOL_CONVERSION = YES;
				CLANG_WARN_CONSTANT_CONVERSION = YES;
				CLANG_WARN_DIRECT_OBJC_ISA_USAGE = YES_ERROR;
				CLANG_WARN_EMPTY_BODY = YES;
				CLANG_WARN_ENUM_CONVERSION = YES;
				CLANG_WARN_INT_CONVERSION = YES;
				CLANG_WARN_OBJC_ROOT_CLASS = YES_ERROR;
				CLANG_WARN_UNREACHABLE_CODE = YES;
				CLANG_WARN__DUPLICATE_METHOD_MATCH = YES;
				"CODE_SIGN_IDENTITY[sdk=iphoneos*]" = "iPhone Developer";
				COPY_PHASE_STRIP = NO;
				DEBUG_INFORMATION_FORMAT = dwarf;
				ENABLE_STRICT_OBJC_MSGSEND = YES;
				ENABLE_TESTABILITY = YES;
				GCC_C_LANGUAGE_STANDARD = gnu99;
				GCC_DYNAMIC_NO_PIC = NO;
				GCC_NO_COMMON_BLOCKS = YES;
				GCC_OPTIMIZATION_LEVEL = 0;
				GCC_PREPROCESSOR_DEFINITIONS = (
					"DEBUG=1",
					"$(inherited)",
				);
				GCC_WARN_64_TO_32_BIT_CONVERSION = YES;
				GCC_WARN_ABOUT_RETURN_TYPE = YES_ERROR;
				GCC_WARN_UNDECLARED_SELECTOR = YES;
				GCC_WARN_UNINITIALIZED_AUTOS = YES_AGGRESSIVE;
				GCC_WARN_UNUSED_FUNCTION = YES;
				GCC_WARN_UNUSED_VARIABLE = YES;
				IPHONEOS_DEPLOYMENT_TARGET = 9.2;
				MTL_ENABLE_DEBUG_INFO = YES;
				ONLY_ACTIVE_ARCH = YES;
				SDKROOT = iphoneos;
				SWIFT_OPTIMIZATION_LEVEL = "-Onone";
			};
			name = Debug;
		};
		571F382B1CCD9C92005CCDDA /* Release */ = {
			isa = XCBuildConfiguration;
			buildSettings = {
				ALWAYS_SEARCH_USER_PATHS = NO;
				CLANG_CXX_LANGUAGE_STANDARD = "gnu++0x";
				CLANG_CXX_LIBRARY = "libc++";
				CLANG_ENABLE_MODULES = YES;
				CLANG_ENABLE_OBJC_ARC = YES;
				CLANG_WARN_BOOL_CONVERSION = YES;
				CLANG_WARN_CONSTANT_CONVERSION = YES;
				CLANG_WARN_DIRECT_OBJC_ISA_USAGE = YES_ERROR;
				CLANG_WARN_EMPTY_BODY = YES;
				CLANG_WARN_ENUM_CONVERSION = YES;
				CLANG_WARN_INT_CONVERSION = YES;
				CLANG_WARN_OBJC_ROOT_CLASS = YES_ERROR;
				CLANG_WARN_UNREACHABLE_CODE = YES;
				CLANG_WARN__DUPLICATE_METHOD_MATCH = YES;
				"CODE_SIGN_IDENTITY[sdk=iphoneos*]" = "iPhone Developer";
				COPY_PHASE_STRIP = NO;
				DEBUG_INFORMATION_FORMAT = "dwarf-with-dsym";
				ENABLE_NS_ASSERTIONS = NO;
				ENABLE_STRICT_OBJC_MSGSEND = YES;
				GCC_C_LANGUAGE_STANDARD = gnu99;
				GCC_NO_COMMON_BLOCKS = YES;
				GCC_WARN_64_TO_32_BIT_CONVERSION = YES;
				GCC_WARN_ABOUT_RETURN_TYPE = YES_ERROR;
				GCC_WARN_UNDECLARED_SELECTOR = YES;
				GCC_WARN_UNINITIALIZED_AUTOS = YES_AGGRESSIVE;
				GCC_WARN_UNUSED_FUNCTION = YES;
				GCC_WARN_UNUSED_VARIABLE = YES;
				IPHONEOS_DEPLOYMENT_TARGET = 9.2;
				MTL_ENABLE_DEBUG_INFO = NO;
				SDKROOT = iphoneos;
				VALIDATE_PRODUCT = YES;
			};
			name = Release;
		};
		571F382D1CCD9C92005CCDDA /* Debug */ = {
			isa = XCBuildConfiguration;
			buildSettings = {
				ASSETCATALOG_COMPILER_APPICON_NAME = AppIcon;
				INFOPLIST_FILE = InterActiveStory/Info.plist;
				LD_RUNPATH_SEARCH_PATHS = "$(inherited) @executable_path/Frameworks";
				PRODUCT_BUNDLE_IDENTIFIER = com.Mike.InterActiveStory;
				PRODUCT_NAME = "$(TARGET_NAME)";
			};
			name = Debug;
		};
		571F382E1CCD9C92005CCDDA /* Release */ = {
			isa = XCBuildConfiguration;
			buildSettings = {
				ASSETCATALOG_COMPILER_APPICON_NAME = AppIcon;
				INFOPLIST_FILE = InterActiveStory/Info.plist;
				LD_RUNPATH_SEARCH_PATHS = "$(inherited) @executable_path/Frameworks";
				PRODUCT_BUNDLE_IDENTIFIER = com.Mike.InterActiveStory;
				PRODUCT_NAME = "$(TARGET_NAME)";
			};
			name = Release;
		};
/* End XCBuildConfiguration section */

/* Begin XCConfigurationList section */
		571F38151CCD9C91005CCDDA /* Build configuration list for PBXProject "InterActiveStory" */ = {
			isa = XCConfigurationList;
			buildConfigurations = (
				571F382A1CCD9C92005CCDDA /* Debug */,
				571F382B1CCD9C92005CCDDA /* Release */,
			);
			defaultConfigurationIsVisible = 0;
			defaultConfigurationName = Release;
		};
		571F382C1CCD9C92005CCDDA /* Build configuration list for PBXNativeTarget "InterActiveStory" */ = {
			isa = XCConfigurationList;
			buildConfigurations = (
				571F382D1CCD9C92005CCDDA /* Debug */,
				571F382E1CCD9C92005CCDDA /* Release */,
			);
			defaultConfigurationIsVisible = 0;
			defaultConfigurationName = Release;
		};
/* End XCConfigurationList section */
	};
	rootObject = 571F38121CCD9C91005CCDDA /* Project object */;
}
